// !$*UTF8*$!
{
	archiveVersion = 1;
	classes = {
	};
	objectVersion = 46;
	objects = {

/* Begin PBXBuildFile section */
		D62F02FC1950998A00FE69BF /* Foundation.framework in Frameworks */ = {isa = PBXBuildFile; fileRef = D62F02FB1950998A00FE69BF /* Foundation.framework */; };
		D62F02FE1950998A00FE69BF /* CoreGraphics.framework in Frameworks */ = {isa = PBXBuildFile; fileRef = D62F02FD1950998A00FE69BF /* CoreGraphics.framework */; };
		D62F03001950998A00FE69BF /* UIKit.framework in Frameworks */ = {isa = PBXBuildFile; fileRef = D62F02FF1950998A00FE69BF /* UIKit.framework */; };
		D62F03061950998A00FE69BF /* InfoPlist.strings in Resources */ = {isa = PBXBuildFile; fileRef = D62F03041950998A00FE69BF /* InfoPlist.strings */; };
		D62F03081950998A00FE69BF /* main.m in Sources */ = {isa = PBXBuildFile; fileRef = D62F03071950998A00FE69BF /* main.m */; };
		D62F030C1950998A00FE69BF /* DuducatAppDelegate.m in Sources */ = {isa = PBXBuildFile; fileRef = D62F030B1950998A00FE69BF /* DuducatAppDelegate.m */; };
		D62F030F1950998A00FE69BF /* Main.storyboard in Resources */ = {isa = PBXBuildFile; fileRef = D62F030D1950998A00FE69BF /* Main.storyboard */; };
		D62F03121950998A00FE69BF /* DuducatViewController.m in Sources */ = {isa = PBXBuildFile; fileRef = D62F03111950998A00FE69BF /* DuducatViewController.m */; };
		D62F03141950998A00FE69BF /* Images.xcassets in Resources */ = {isa = PBXBuildFile; fileRef = D62F03131950998A00FE69BF /* Images.xcassets */; };
		D62F0332195099B000FE69BF /* Duducat.framework in Frameworks */ = {isa = PBXBuildFile; fileRef = D62F0330195099B000FE69BF /* Duducat.framework */; };
		D62F0333195099B000FE69BF /* SDWebImage.framework in Frameworks */ = {isa = PBXBuildFile; fileRef = D62F0331195099B000FE69BF /* SDWebImage.framework */; };
		D62F033F195099DF00FE69BF /* FMDatabase.m in Sources */ = {isa = PBXBuildFile; fileRef = D62F0336195099DF00FE69BF /* FMDatabase.m */; };
		D62F0340195099DF00FE69BF /* FMDatabaseAdditions.m in Sources */ = {isa = PBXBuildFile; fileRef = D62F0338195099DF00FE69BF /* FMDatabaseAdditions.m */; };
		D62F0341195099DF00FE69BF /* FMDatabasePool.m in Sources */ = {isa = PBXBuildFile; fileRef = D62F033A195099DF00FE69BF /* FMDatabasePool.m */; };
		D62F0342195099DF00FE69BF /* FMDatabaseQueue.m in Sources */ = {isa = PBXBuildFile; fileRef = D62F033C195099DF00FE69BF /* FMDatabaseQueue.m */; };
		D62F0343195099DF00FE69BF /* FMResultSet.m in Sources */ = {isa = PBXBuildFile; fileRef = D62F033E195099DF00FE69BF /* FMResultSet.m */; };
		D62F0345195099EA00FE69BF /* ImageIO.framework in Frameworks */ = {isa = PBXBuildFile; fileRef = D62F0344195099EA00FE69BF /* ImageIO.framework */; };
		D62F0349195099F100FE69BF /* libsqlite3.dylib in Frameworks */ = {isa = PBXBuildFile; fileRef = D62F0348195099F100FE69BF /* libsqlite3.dylib */; };
		D62F036619509ABB00FE69BF /* 1@2x.png in Resources */ = {isa = PBXBuildFile; fileRef = D62F034B19509ABB00FE69BF /* 1@2x.png */; };
		D62F036719509ABB00FE69BF /* 2@2x.png in Resources */ = {isa = PBXBuildFile; fileRef = D62F034C19509ABB00FE69BF /* 2@2x.png */; };
		D62F036819509ABB00FE69BF /* 3@2x.png in Resources */ = {isa = PBXBuildFile; fileRef = D62F034D19509ABB00FE69BF /* 3@2x.png */; };
		D62F036919509ABB00FE69BF /* a3-hl@2x.png in Resources */ = {isa = PBXBuildFile; fileRef = D62F034E19509ABB00FE69BF /* a3-hl@2x.png */; };
		D62F036A19509ABB00FE69BF /* a3@2x.png in Resources */ = {isa = PBXBuildFile; fileRef = D62F034F19509ABB00FE69BF /* a3@2x.png */; };
		D62F036B19509ABB00FE69BF /* a12-hl@2x.png in Resources */ = {isa = PBXBuildFile; fileRef = D62F035019509ABB00FE69BF /* a12-hl@2x.png */; };
		D62F036C19509ABB00FE69BF /* a12@2x.png in Resources */ = {isa = PBXBuildFile; fileRef = D62F035119509ABB00FE69BF /* a12@2x.png */; };
		D62F036D19509ABB00FE69BF /* a6-hl@2x.png in Resources */ = {isa = PBXBuildFile; fileRef = D62F035219509ABB00FE69BF /* a6-hl@2x.png */; };
		D62F036E19509ABB00FE69BF /* a6@2x.png in Resources */ = {isa = PBXBuildFile; fileRef = D62F035319509ABB00FE69BF /* a6@2x.png */; };
		D62F036F19509ABB00FE69BF /* a7-hl@2x.png in Resources */ = {isa = PBXBuildFile; fileRef = D62F035419509ABB00FE69BF /* a7-hl@2x.png */; };
		D62F037019509ABB00FE69BF /* a7@2x.png in Resources */ = {isa = PBXBuildFile; fileRef = D62F035519509ABB00FE69BF /* a7@2x.png */; };
		D62F037119509ABB00FE69BF /* a8-hl@2x.png in Resources */ = {isa = PBXBuildFile; fileRef = D62F035619509ABB00FE69BF /* a8-hl@2x.png */; };
		D62F037219509ABB00FE69BF /* a8@2x.png in Resources */ = {isa = PBXBuildFile; fileRef = D62F035719509ABB00FE69BF /* a8@2x.png */; };
		D62F037319509ABB00FE69BF /* a9-hl@2x.png in Resources */ = {isa = PBXBuildFile; fileRef = D62F035819509ABB00FE69BF /* a9-hl@2x.png */; };
		D62F037419509ABB00FE69BF /* a9@2x.png in Resources */ = {isa = PBXBuildFile; fileRef = D62F035919509ABB00FE69BF /* a9@2x.png */; };
		D62F037519509ABB00FE69BF /* a4-hl@2x.png in Resources */ = {isa = PBXBuildFile; fileRef = D62F035A19509ABB00FE69BF /* a4-hl@2x.png */; };
		D62F037619509ABB00FE69BF /* a4@2x.png in Resources */ = {isa = PBXBuildFile; fileRef = D62F035B19509ABB00FE69BF /* a4@2x.png */; };
		D62F037719509ABB00FE69BF /* a10-hl@2x.png in Resources */ = {isa = PBXBuildFile; fileRef = D62F035C19509ABB00FE69BF /* a10-hl@2x.png */; };
		D62F037819509ABB00FE69BF /* a10@2x.png in Resources */ = {isa = PBXBuildFile; fileRef = D62F035D19509ABB00FE69BF /* a10@2x.png */; };
		D62F037919509ABB00FE69BF /* a11-hl@2x.png in Resources */ = {isa = PBXBuildFile; fileRef = D62F035E19509ABB00FE69BF /* a11-hl@2x.png */; };
		D62F037A19509ABB00FE69BF /* a11@2x.png in Resources */ = {isa = PBXBuildFile; fileRef = D62F035F19509ABB00FE69BF /* a11@2x.png */; };
		D62F037B19509ABB00FE69BF /* a5-hl@2x.png in Resources */ = {isa = PBXBuildFile; fileRef = D62F036019509ABB00FE69BF /* a5-hl@2x.png */; };
		D62F037C19509ABB00FE69BF /* a5@2x.png in Resources */ = {isa = PBXBuildFile; fileRef = D62F036119509ABB00FE69BF /* a5@2x.png */; };
		D62F037D19509ABB00FE69BF /* a1-hl@2x.png in Resources */ = {isa = PBXBuildFile; fileRef = D62F036219509ABB00FE69BF /* a1-hl@2x.png */; };
		D62F037E19509ABB00FE69BF /* a1@2x.png in Resources */ = {isa = PBXBuildFile; fileRef = D62F036319509ABB00FE69BF /* a1@2x.png */; };
		D62F037F19509ABB00FE69BF /* a2-hl@2x.png in Resources */ = {isa = PBXBuildFile; fileRef = D62F036419509ABB00FE69BF /* a2-hl@2x.png */; };
		D62F038019509ABB00FE69BF /* a2@2x.png in Resources */ = {isa = PBXBuildFile; fileRef = D62F036519509ABB00FE69BF /* a2@2x.png */; };
/* End PBXBuildFile section */

/* Begin PBXFileReference section */
		D62F02F81950998A00FE69BF /* astro.app */ = {isa = PBXFileReference; explicitFileType = wrapper.application; includeInIndex = 0; path = astro.app; sourceTree = BUILT_PRODUCTS_DIR; };
		D62F02FB1950998A00FE69BF /* Foundation.framework */ = {isa = PBXFileReference; lastKnownFileType = wrapper.framework; name = Foundation.framework; path = System/Library/Frameworks/Foundation.framework; sourceTree = SDKROOT; };
		D62F02FD1950998A00FE69BF /* CoreGraphics.framework */ = {isa = PBXFileReference; lastKnownFileType = wrapper.framework; name = CoreGraphics.framework; path = System/Library/Frameworks/CoreGraphics.framework; sourceTree = SDKROOT; };
		D62F02FF1950998A00FE69BF /* UIKit.framework */ = {isa = PBXFileReference; lastKnownFileType = wrapper.framework; name = UIKit.framework; path = System/Library/Frameworks/UIKit.framework; sourceTree = SDKROOT; };
		D62F03031950998A00FE69BF /* astro-Info.plist */ = {isa = PBXFileReference; lastKnownFileType = text.plist.xml; path = "astro-Info.plist"; sourceTree = "<group>"; };
		D62F03051950998A00FE69BF /* en */ = {isa = PBXFileReference; lastKnownFileType = text.plist.strings; name = en; path = en.lproj/InfoPlist.strings; sourceTree = "<group>"; };
		D62F03071950998A00FE69BF /* main.m */ = {isa = PBXFileReference; lastKnownFileType = sourcecode.c.objc; path = main.m; sourceTree = "<group>"; };
		D62F03091950998A00FE69BF /* astro-Prefix.pch */ = {isa = PBXFileReference; lastKnownFileType = sourcecode.c.h; path = "astro-Prefix.pch"; sourceTree = "<group>"; };
		D62F030A1950998A00FE69BF /* DuducatAppDelegate.h */ = {isa = PBXFileReference; lastKnownFileType = sourcecode.c.h; path = DuducatAppDelegate.h; sourceTree = "<group>"; };
		D62F030B1950998A00FE69BF /* DuducatAppDelegate.m */ = {isa = PBXFileReference; lastKnownFileType = sourcecode.c.objc; path = DuducatAppDelegate.m; sourceTree = "<group>"; };
		D62F030E1950998A00FE69BF /* Base */ = {isa = PBXFileReference; lastKnownFileType = file.storyboard; name = Base; path = Base.lproj/Main.storyboard; sourceTree = "<group>"; };
		D62F03101950998A00FE69BF /* DuducatViewController.h */ = {isa = PBXFileReference; lastKnownFileType = sourcecode.c.h; path = DuducatViewController.h; sourceTree = "<group>"; };
		D62F03111950998A00FE69BF /* DuducatViewController.m */ = {isa = PBXFileReference; lastKnownFileType = sourcecode.c.objc; path = DuducatViewController.m; sourceTree = "<group>"; };
		D62F03131950998A00FE69BF /* Images.xcassets */ = {isa = PBXFileReference; lastKnownFileType = folder.assetcatalog; path = Images.xcassets; sourceTree = "<group>"; };
		D62F0330195099B000FE69BF /* Duducat.framework */ = {isa = PBXFileReference; lastKnownFileType = wrapper.framework; path = Duducat.framework; sourceTree = "<group>"; };
		D62F0331195099B000FE69BF /* SDWebImage.framework */ = {isa = PBXFileReference; lastKnownFileType = wrapper.framework; path = SDWebImage.framework; sourceTree = "<group>"; };
		D62F0335195099DF00FE69BF /* FMDatabase.h */ = {isa = PBXFileReference; fileEncoding = 4; lastKnownFileType = sourcecode.c.h; path = FMDatabase.h; sourceTree = "<group>"; };
		D62F0336195099DF00FE69BF /* FMDatabase.m */ = {isa = PBXFileReference; fileEncoding = 4; lastKnownFileType = sourcecode.c.objc; path = FMDatabase.m; sourceTree = "<group>"; };
		D62F0337195099DF00FE69BF /* FMDatabaseAdditions.h */ = {isa = PBXFileReference; fileEncoding = 4; lastKnownFileType = sourcecode.c.h; path = FMDatabaseAdditions.h; sourceTree = "<group>"; };
		D62F0338195099DF00FE69BF /* FMDatabaseAdditions.m */ = {isa = PBXFileReference; fileEncoding = 4; lastKnownFileType = sourcecode.c.objc; path = FMDatabaseAdditions.m; sourceTree = "<group>"; };
		D62F0339195099DF00FE69BF /* FMDatabasePool.h */ = {isa = PBXFileReference; fileEncoding = 4; lastKnownFileType = sourcecode.c.h; path = FMDatabasePool.h; sourceTree = "<group>"; };
		D62F033A195099DF00FE69BF /* FMDatabasePool.m */ = {isa = PBXFileReference; fileEncoding = 4; lastKnownFileType = sourcecode.c.objc; path = FMDatabasePool.m; sourceTree = "<group>"; };
		D62F033B195099DF00FE69BF /* FMDatabaseQueue.h */ = {isa = PBXFileReference; fileEncoding = 4; lastKnownFileType = sourcecode.c.h; path = FMDatabaseQueue.h; sourceTree = "<group>"; };
		D62F033C195099DF00FE69BF /* FMDatabaseQueue.m */ = {isa = PBXFileReference; fileEncoding = 4; lastKnownFileType = sourcecode.c.objc; path = FMDatabaseQueue.m; sourceTree = "<group>"; };
		D62F033D195099DF00FE69BF /* FMResultSet.h */ = {isa = PBXFileReference; fileEncoding = 4; lastKnownFileType = sourcecode.c.h; path = FMResultSet.h; sourceTree = "<group>"; };
		D62F033E195099DF00FE69BF /* FMResultSet.m */ = {isa = PBXFileReference; fileEncoding = 4; lastKnownFileType = sourcecode.c.objc; path = FMResultSet.m; sourceTree = "<group>"; };
		D62F0344195099EA00FE69BF /* ImageIO.framework */ = {isa = PBXFileReference; lastKnownFileType = wrapper.framework; name = ImageIO.framework; path = System/Library/Frameworks/ImageIO.framework; sourceTree = SDKROOT; };
		D62F0346195099ED00FE69BF /* CoreAudio.framework */ = {isa = PBXFileReference; lastKnownFileType = wrapper.framework; name = CoreAudio.framework; path = System/Library/Frameworks/CoreAudio.framework; sourceTree = SDKROOT; };
		D62F0348195099F100FE69BF /* libsqlite3.dylib */ = {isa = PBXFileReference; lastKnownFileType = "compiled.mach-o.dylib"; name = libsqlite3.dylib; path = usr/lib/libsqlite3.dylib; sourceTree = SDKROOT; };
		D62F034B19509ABB00FE69BF /* 1@2x.png */ = {isa = PBXFileReference; lastKnownFileType = image.png; path = "1@2x.png"; sourceTree = "<group>"; };
		D62F034C19509ABB00FE69BF /* 2@2x.png */ = {isa = PBXFileReference; lastKnownFileType = image.png; path = "2@2x.png"; sourceTree = "<group>"; };
		D62F034D19509ABB00FE69BF /* 3@2x.png */ = {isa = PBXFileReference; lastKnownFileType = image.png; path = "3@2x.png"; sourceTree = "<group>"; };
		D62F034E19509ABB00FE69BF /* a3-hl@2x.png */ = {isa = PBXFileReference; lastKnownFileType = image.png; path = "a3-hl@2x.png"; sourceTree = "<group>"; };
		D62F034F19509ABB00FE69BF /* a3@2x.png */ = {isa = PBXFileReference; lastKnownFileType = image.png; path = "a3@2x.png"; sourceTree = "<group>"; };
		D62F035019509ABB00FE69BF /* a12-hl@2x.png */ = {isa = PBXFileReference; lastKnownFileType = image.png; path = "a12-hl@2x.png"; sourceTree = "<group>"; };
		D62F035119509ABB00FE69BF /* a12@2x.png */ = {isa = PBXFileReference; lastKnownFileType = image.png; path = "a12@2x.png"; sourceTree = "<group>"; };
		D62F035219509ABB00FE69BF /* a6-hl@2x.png */ = {isa = PBXFileReference; lastKnownFileType = image.png; path = "a6-hl@2x.png"; sourceTree = "<group>"; };
		D62F035319509ABB00FE69BF /* a6@2x.png */ = {isa = PBXFileReference; lastKnownFileType = image.png; path = "a6@2x.png"; sourceTree = "<group>"; };
		D62F035419509ABB00FE69BF /* a7-hl@2x.png */ = {isa = PBXFileReference; lastKnownFileType = image.png; path = "a7-hl@2x.png"; sourceTree = "<group>"; };
		D62F035519509ABB00FE69BF /* a7@2x.png */ = {isa = PBXFileReference; lastKnownFileType = image.png; path = "a7@2x.png"; sourceTree = "<group>"; };
		D62F035619509ABB00FE69BF /* a8-hl@2x.png */ = {isa = PBXFileReference; lastKnownFileType = image.png; path = "a8-hl@2x.png"; sourceTree = "<group>"; };
		D62F035719509ABB00FE69BF /* a8@2x.png */ = {isa = PBXFileReference; lastKnownFileType = image.png; path = "a8@2x.png"; sourceTree = "<group>"; };
		D62F035819509ABB00FE69BF /* a9-hl@2x.png */ = {isa = PBXFileReference; lastKnownFileType = image.png; path = "a9-hl@2x.png"; sourceTree = "<group>"; };
		D62F035919509ABB00FE69BF /* a9@2x.png */ = {isa = PBXFileReference; lastKnownFileType = image.png; path = "a9@2x.png"; sourceTree = "<group>"; };
		D62F035A19509ABB00FE69BF /* a4-hl@2x.png */ = {isa = PBXFileReference; lastKnownFileType = image.png; path = "a4-hl@2x.png"; sourceTree = "<group>"; };
		D62F035B19509ABB00FE69BF /* a4@2x.png */ = {isa = PBXFileReference; lastKnownFileType = image.png; path = "a4@2x.png"; sourceTree = "<group>"; };
		D62F035C19509ABB00FE69BF /* a10-hl@2x.png */ = {isa = PBXFileReference; lastKnownFileType = image.png; path = "a10-hl@2x.png"; sourceTree = "<group>"; };
		D62F035D19509ABB00FE69BF /* a10@2x.png */ = {isa = PBXFileReference; lastKnownFileType = image.png; path = "a10@2x.png"; sourceTree = "<group>"; };
		D62F035E19509ABB00FE69BF /* a11-hl@2x.png */ = {isa = PBXFileReference; lastKnownFileType = image.png; path = "a11-hl@2x.png"; sourceTree = "<group>"; };
		D62F035F19509ABB00FE69BF /* a11@2x.png */ = {isa = PBXFileReference; lastKnownFileType = image.png; path = "a11@2x.png"; sourceTree = "<group>"; };
		D62F036019509ABB00FE69BF /* a5-hl@2x.png */ = {isa = PBXFileReference; lastKnownFileType = image.png; path = "a5-hl@2x.png"; sourceTree = "<group>"; };
		D62F036119509ABB00FE69BF /* a5@2x.png */ = {isa = PBXFileReference; lastKnownFileType = image.png; path = "a5@2x.png"; sourceTree = "<group>"; };
		D62F036219509ABB00FE69BF /* a1-hl@2x.png */ = {isa = PBXFileReference; lastKnownFileType = image.png; path = "a1-hl@2x.png"; sourceTree = "<group>"; };
		D62F036319509ABB00FE69BF /* a1@2x.png */ = {isa = PBXFileReference; lastKnownFileType = image.png; path = "a1@2x.png"; sourceTree = "<group>"; };
		D62F036419509ABB00FE69BF /* a2-hl@2x.png */ = {isa = PBXFileReference; lastKnownFileType = image.png; path = "a2-hl@2x.png"; sourceTree = "<group>"; };
		D62F036519509ABB00FE69BF /* a2@2x.png */ = {isa = PBXFileReference; lastKnownFileType = image.png; path = "a2@2x.png"; sourceTree = "<group>"; };
/* End PBXFileReference section */

/* Begin PBXFrameworksBuildPhase section */
		D62F02F51950998A00FE69BF /* Frameworks */ = {
			isa = PBXFrameworksBuildPhase;
			buildActionMask = 2147483647;
			files = (
				D62F0349195099F100FE69BF /* libsqlite3.dylib in Frameworks */,
				D62F0345195099EA00FE69BF /* ImageIO.framework in Frameworks */,
				D62F0333195099B000FE69BF /* SDWebImage.framework in Frameworks */,
				D62F02FE1950998A00FE69BF /* CoreGraphics.framework in Frameworks */,
				D62F03001950998A00FE69BF /* UIKit.framework in Frameworks */,
				D62F02FC1950998A00FE69BF /* Foundation.framework in Frameworks */,
				D62F0332195099B000FE69BF /* Duducat.framework in Frameworks */,
			);
			runOnlyForDeploymentPostprocessing = 0;
		};
/* End PBXFrameworksBuildPhase section */

/* Begin PBXGroup section */
		D62F02EF1950998A00FE69BF = {
			isa = PBXGroup;
			children = (
				D62F03011950998A00FE69BF /* astro */,
				D62F02FA1950998A00FE69BF /* Frameworks */,
				D62F02F91950998A00FE69BF /* Products */,
			);
			sourceTree = "<group>";
		};
		D62F02F91950998A00FE69BF /* Products */ = {
			isa = PBXGroup;
			children = (
				D62F02F81950998A00FE69BF /* astro.app */,
			);
			name = Products;
			sourceTree = "<group>";
		};
		D62F02FA1950998A00FE69BF /* Frameworks */ = {
			isa = PBXGroup;
			children = (
				D62F0348195099F100FE69BF /* libsqlite3.dylib */,
				D62F0346195099ED00FE69BF /* CoreAudio.framework */,
				D62F0344195099EA00FE69BF /* ImageIO.framework */,
				D62F0330195099B000FE69BF /* Duducat.framework */,
				D62F0331195099B000FE69BF /* SDWebImage.framework */,
				D62F02FB1950998A00FE69BF /* Foundation.framework */,
				D62F02FD1950998A00FE69BF /* CoreGraphics.framework */,
				D62F02FF1950998A00FE69BF /* UIKit.framework */,
			);
			name = Frameworks;
			sourceTree = "<group>";
		};
		D62F03011950998A00FE69BF /* astro */ = {
			isa = PBXGroup;
			children = (
				D62F030A1950998A00FE69BF /* DuducatAppDelegate.h */,
				D62F030B1950998A00FE69BF /* DuducatAppDelegate.m */,
				D62F030D1950998A00FE69BF /* Main.storyboard */,
				D62F03101950998A00FE69BF /* DuducatViewController.h */,
				D62F03111950998A00FE69BF /* DuducatViewController.m */,
				D62F03131950998A00FE69BF /* Images.xcassets */,
				D62F0334195099D000FE69BF /* FMDB */,
				D62F034A19509A9D00FE69BF /* resources */,
				D62F03021950998A00FE69BF /* Supporting Files */,
			);
			path = astro;
			sourceTree = "<group>";
		};
		D62F03021950998A00FE69BF /* Supporting Files */ = {
			isa = PBXGroup;
			children = (
				D62F03031950998A00FE69BF /* astro-Info.plist */,
				D62F03041950998A00FE69BF /* InfoPlist.strings */,
				D62F03071950998A00FE69BF /* main.m */,
				D62F03091950998A00FE69BF /* astro-Prefix.pch */,
			);
			name = "Supporting Files";
			sourceTree = "<group>";
		};
		D62F0334195099D000FE69BF /* FMDB */ = {
			isa = PBXGroup;
			children = (
				D62F0335195099DF00FE69BF /* FMDatabase.h */,
				D62F0336195099DF00FE69BF /* FMDatabase.m */,
				D62F0337195099DF00FE69BF /* FMDatabaseAdditions.h */,
				D62F0338195099DF00FE69BF /* FMDatabaseAdditions.m */,
				D62F0339195099DF00FE69BF /* FMDatabasePool.h */,
				D62F033A195099DF00FE69BF /* FMDatabasePool.m */,
				D62F033B195099DF00FE69BF /* FMDatabaseQueue.h */,
				D62F033C195099DF00FE69BF /* FMDatabaseQueue.m */,
				D62F033D195099DF00FE69BF /* FMResultSet.h */,
				D62F033E195099DF00FE69BF /* FMResultSet.m */,
			);
			name = FMDB;
			sourceTree = "<group>";
		};
		D62F034A19509A9D00FE69BF /* resources */ = {
			isa = PBXGroup;
			children = (
				D62F034B19509ABB00FE69BF /* 1@2x.png */,
				D62F034C19509ABB00FE69BF /* 2@2x.png */,
				D62F034D19509ABB00FE69BF /* 3@2x.png */,
				D62F034E19509ABB00FE69BF /* a3-hl@2x.png */,
				D62F034F19509ABB00FE69BF /* a3@2x.png */,
				D62F035019509ABB00FE69BF /* a12-hl@2x.png */,
				D62F035119509ABB00FE69BF /* a12@2x.png */,
				D62F035219509ABB00FE69BF /* a6-hl@2x.png */,
				D62F035319509ABB00FE69BF /* a6@2x.png */,
				D62F035419509ABB00FE69BF /* a7-hl@2x.png */,
				D62F035519509ABB00FE69BF /* a7@2x.png */,
				D62F035619509ABB00FE69BF /* a8-hl@2x.png */,
				D62F035719509ABB00FE69BF /* a8@2x.png */,
				D62F035819509ABB00FE69BF /* a9-hl@2x.png */,
				D62F035919509ABB00FE69BF /* a9@2x.png */,
				D62F035A19509ABB00FE69BF /* a4-hl@2x.png */,
				D62F035B19509ABB00FE69BF /* a4@2x.png */,
				D62F035C19509ABB00FE69BF /* a10-hl@2x.png */,
				D62F035D19509ABB00FE69BF /* a10@2x.png */,
				D62F035E19509ABB00FE69BF /* a11-hl@2x.png */,
				D62F035F19509ABB00FE69BF /* a11@2x.png */,
				D62F036019509ABB00FE69BF /* a5-hl@2x.png */,
				D62F036119509ABB00FE69BF /* a5@2x.png */,
				D62F036219509ABB00FE69BF /* a1-hl@2x.png */,
				D62F036319509ABB00FE69BF /* a1@2x.png */,
				D62F036419509ABB00FE69BF /* a2-hl@2x.png */,
				D62F036519509ABB00FE69BF /* a2@2x.png */,
			);
			name = resources;
			sourceTree = "<group>";
		};
/* End PBXGroup section */

/* Begin PBXNativeTarget section */
		D62F02F71950998A00FE69BF /* astro */ = {
			isa = PBXNativeTarget;
			buildConfigurationList = D62F032A1950998A00FE69BF /* Build configuration list for PBXNativeTarget "astro" */;
			buildPhases = (
				D62F02F41950998A00FE69BF /* Sources */,
				D62F02F51950998A00FE69BF /* Frameworks */,
				D62F02F61950998A00FE69BF /* Resources */,
			);
			buildRules = (
			);
			dependencies = (
			);
			name = astro;
			productName = astro;
			productReference = D62F02F81950998A00FE69BF /* astro.app */;
			productType = "com.apple.product-type.application";
		};
/* End PBXNativeTarget section */

/* Begin PBXProject section */
		D62F02F01950998A00FE69BF /* Project object */ = {
			isa = PBXProject;
			attributes = {
				CLASSPREFIX = Duducat;
				LastUpgradeCheck = 0510;
				ORGANIZATIONNAME = "danyun.liu@gmail.com";
			};
			buildConfigurationList = D62F02F31950998A00FE69BF /* Build configuration list for PBXProject "astro" */;
			compatibilityVersion = "Xcode 3.2";
			developmentRegion = English;
			hasScannedForEncodings = 0;
			knownRegions = (
				en,
				Base,
			);
			mainGroup = D62F02EF1950998A00FE69BF;
			productRefGroup = D62F02F91950998A00FE69BF /* Products */;
			projectDirPath = "";
			projectRoot = "";
			targets = (
				D62F02F71950998A00FE69BF /* astro */,
			);
		};
/* End PBXProject section */

/* Begin PBXResourcesBuildPhase section */
		D62F02F61950998A00FE69BF /* Resources */ = {
			isa = PBXResourcesBuildPhase;
			buildActionMask = 2147483647;
			files = (
				D62F037B19509ABB00FE69BF /* a5-hl@2x.png in Resources */,
				D62F036F19509ABB00FE69BF /* a7-hl@2x.png in Resources */,
				D62F036C19509ABB00FE69BF /* a12@2x.png in Resources */,
				D62F037E19509ABB00FE69BF /* a1@2x.png in Resources */,
				D62F036A19509ABB00FE69BF /* a3@2x.png in Resources */,
				D62F037219509ABB00FE69BF /* a8@2x.png in Resources */,
				D62F038019509ABB00FE69BF /* a2@2x.png in Resources */,
				D62F037019509ABB00FE69BF /* a7@2x.png in Resources */,
				D62F037919509ABB00FE69BF /* a11-hl@2x.png in Resources */,
				D62F037A19509ABB00FE69BF /* a11@2x.png in Resources */,
				D62F036819509ABB00FE69BF /* 3@2x.png in Resources */,
				D62F037119509ABB00FE69BF /* a8-hl@2x.png in Resources */,
				D62F036E19509ABB00FE69BF /* a6@2x.png in Resources */,
				D62F037819509ABB00FE69BF /* a10@2x.png in Resources */,
				D62F037F19509ABB00FE69BF /* a2-hl@2x.png in Resources */,
				D62F037719509ABB00FE69BF /* a10-hl@2x.png in Resources */,
				D62F03141950998A00FE69BF /* Images.xcassets in Resources */,
				D62F037319509ABB00FE69BF /* a9-hl@2x.png in Resources */,
				D62F03061950998A00FE69BF /* InfoPlist.strings in Resources */,
				D62F037519509ABB00FE69BF /* a4-hl@2x.png in Resources */,
				D62F036719509ABB00FE69BF /* 2@2x.png in Resources */,
				D62F037619509ABB00FE69BF /* a4@2x.png in Resources */,
				D62F036B19509ABB00FE69BF /* a12-hl@2x.png in Resources */,
				D62F037D19509ABB00FE69BF /* a1-hl@2x.png in Resources */,
				D62F037C19509ABB00FE69BF /* a5@2x.png in Resources */,
				D62F036D19509ABB00FE69BF /* a6-hl@2x.png in Resources */,
				D62F036619509ABB00FE69BF /* 1@2x.png in Resources */,
				D62F037419509ABB00FE69BF /* a9@2x.png in Resources */,
				D62F030F1950998A00FE69BF /* Main.storyboard in Resources */,
				D62F036919509ABB00FE69BF /* a3-hl@2x.png in Resources */,
			);
			runOnlyForDeploymentPostprocessing = 0;
		};
/* End PBXResourcesBuildPhase section */

/* Begin PBXSourcesBuildPhase section */
		D62F02F41950998A00FE69BF /* Sources */ = {
			isa = PBXSourcesBuildPhase;
			buildActionMask = 2147483647;
			files = (
				D62F03081950998A00FE69BF /* main.m in Sources */,
				D62F0341195099DF00FE69BF /* FMDatabasePool.m in Sources */,
				D62F03121950998A00FE69BF /* DuducatViewController.m in Sources */,
				D62F0342195099DF00FE69BF /* FMDatabaseQueue.m in Sources */,
				D62F030C1950998A00FE69BF /* DuducatAppDelegate.m in Sources */,
				D62F033F195099DF00FE69BF /* FMDatabase.m in Sources */,
				D62F0343195099DF00FE69BF /* FMResultSet.m in Sources */,
				D62F0340195099DF00FE69BF /* FMDatabaseAdditions.m in Sources */,
			);
			runOnlyForDeploymentPostprocessing = 0;
		};
/* End PBXSourcesBuildPhase section */

/* Begin PBXVariantGroup section */
		D62F03041950998A00FE69BF /* InfoPlist.strings */ = {
			isa = PBXVariantGroup;
			children = (
				D62F03051950998A00FE69BF /* en */,
			);
			name = InfoPlist.strings;
			sourceTree = "<group>";
		};
		D62F030D1950998A00FE69BF /* Main.storyboard */ = {
			isa = PBXVariantGroup;
			children = (
				D62F030E1950998A00FE69BF /* Base */,
			);
			name = Main.storyboard;
			sourceTree = "<group>";
		};
/* End PBXVariantGroup section */

/* Begin XCBuildConfiguration section */
		D62F03281950998A00FE69BF /* Debug */ = {
			isa = XCBuildConfiguration;
			buildSettings = {
				ALWAYS_SEARCH_USER_PATHS = NO;
				CLANG_CXX_LANGUAGE_STANDARD = "gnu++0x";
				CLANG_CXX_LIBRARY = "libc++";
				CLANG_ENABLE_MODULES = YES;
				CLANG_ENABLE_OBJC_ARC = YES;
				CLANG_WARN_BOOL_CONVERSION = YES;
				CLANG_WARN_CONSTANT_CONVERSION = YES;
				CLANG_WARN_DIRECT_OBJC_ISA_USAGE = YES_ERROR;
				CLANG_WARN_EMPTY_BODY = YES;
				CLANG_WARN_ENUM_CONVERSION = YES;
				CLANG_WARN_INT_CONVERSION = YES;
				CLANG_WARN_OBJC_ROOT_CLASS = YES_ERROR;
				CLANG_WARN__DUPLICATE_METHOD_MATCH = YES;
				"CODE_SIGN_IDENTITY[sdk=iphoneos*]" = "iPhone Developer";
				COPY_PHASE_STRIP = NO;
				GCC_C_LANGUAGE_STANDARD = gnu99;
				GCC_DYNAMIC_NO_PIC = NO;
				GCC_OPTIMIZATION_LEVEL = 0;
				GCC_PREPROCESSOR_DEFINITIONS = (
					"DEBUG=1",
					"$(inherited)",
				);
				GCC_SYMBOLS_PRIVATE_EXTERN = NO;
				GCC_WARN_64_TO_32_BIT_CONVERSION = YES;
				GCC_WARN_ABOUT_RETURN_TYPE = YES_ERROR;
				GCC_WARN_UNDECLARED_SELECTOR = YES;
				GCC_WARN_UNINITIALIZED_AUTOS = YES_AGGRESSIVE;
				GCC_WARN_UNUSED_FUNCTION = YES;
				GCC_WARN_UNUSED_VARIABLE = YES;
				IPHONEOS_DEPLOYMENT_TARGET = 7.1;
				ONLY_ACTIVE_ARCH = YES;
				SDKROOT = iphoneos;
			};
			name = Debug;
		};
		D62F03291950998A00FE69BF /* Release */ = {
			isa = XCBuildConfiguration;
			buildSettings = {
				ALWAYS_SEARCH_USER_PATHS = NO;
				CLANG_CXX_LANGUAGE_STANDARD = "gnu++0x";
				CLANG_CXX_LIBRARY = "libc++";
				CLANG_ENABLE_MODULES = YES;
				CLANG_ENABLE_OBJC_ARC = YES;
				CLANG_WARN_BOOL_CONVERSION = YES;
				CLANG_WARN_CONSTANT_CONVERSION = YES;
				CLANG_WARN_DIRECT_OBJC_ISA_USAGE = YES_ERROR;
				CLANG_WARN_EMPTY_BODY = YES;
				CLANG_WARN_ENUM_CONVERSION = YES;
				CLANG_WARN_INT_CONVERSION = YES;
				CLANG_WARN_OBJC_ROOT_CLASS = YES_ERROR;
				CLANG_WARN__DUPLICATE_METHOD_MATCH = YES;
				"CODE_SIGN_IDENTITY[sdk=iphoneos*]" = "iPhone Developer";
				COPY_PHASE_STRIP = YES;
				ENABLE_NS_ASSERTIONS = NO;
				GCC_C_LANGUAGE_STANDARD = gnu99;
				GCC_WARN_64_TO_32_BIT_CONVERSION = YES;
				GCC_WARN_ABOUT_RETURN_TYPE = YES_ERROR;
				GCC_WARN_UNDECLARED_SELECTOR = YES;
				GCC_WARN_UNINITIALIZED_AUTOS = YES_AGGRESSIVE;
				GCC_WARN_UNUSED_FUNCTION = YES;
				GCC_WARN_UNUSED_VARIABLE = YES;
				IPHONEOS_DEPLOYMENT_TARGET = 7.1;
				SDKROOT = iphoneos;
				VALIDATE_PRODUCT = YES;
			};
			name = Release;
		};
		D62F032B1950998A00FE69BF /* Debug */ = {
			isa = XCBuildConfiguration;
			buildSettings = {
				ASSETCATALOG_COMPILER_APPICON_NAME = AppIcon;
				ASSETCATALOG_COMPILER_LAUNCHIMAGE_NAME = LaunchImage;
				FRAMEWORK_SEARCH_PATHS = (
					"$(inherited)",
					"$(PROJECT_DIR)",
				);
				GCC_PRECOMPILE_PREFIX_HEADER = YES;
				GCC_PREFIX_HEADER = "astro/astro-Prefix.pch";
				INFOPLIST_FILE = "astro/astro-Info.plist";
				OTHER_LDFLAGS = "-ObjC";
				PRODUCT_NAME = "$(TARGET_NAME)";
				WRAPPER_EXTENSION = app;
			};
			name = Debug;
		};
		D62F032C1950998A00FE69BF /* Release */ = {
			isa = XCBuildConfiguration;
			buildSettings = {
				ASSETCATALOG_COMPILER_APPICON_NAME = AppIcon;
				ASSETCATALOG_COMPILER_LAUNCHIMAGE_NAME = LaunchImage;
				FRAMEWORK_SEARCH_PATHS = (
					"$(inherited)",
					"$(PROJECT_DIR)",
				);
				GCC_PRECOMPILE_PREFIX_HEADER = YES;
				GCC_PREFIX_HEADER = "astro/astro-Prefix.pch";
				INFOPLIST_FILE = "astro/astro-Info.plist";
				OTHER_LDFLAGS = "-ObjC";
				PRODUCT_NAME = "$(TARGET_NAME)";
				WRAPPER_EXTENSION = app;
			};
			name = Release;
		};
/* End XCBuildConfiguration section */

/* Begin XCConfigurationList section */
		D62F02F31950998A00FE69BF /* Build configuration list for PBXProject "astro" */ = {
			isa = XCConfigurationList;
			buildConfigurations = (
				D62F03281950998A00FE69BF /* Debug */,
				D62F03291950998A00FE69BF /* Release */,
			);
			defaultConfigurationIsVisible = 0;
			defaultConfigurationName = Release;
		};
		D62F032A1950998A00FE69BF /* Build configuration list for PBXNativeTarget "astro" */ = {
			isa = XCConfigurationList;
			buildConfigurations = (
				D62F032B1950998A00FE69BF /* Debug */,
				D62F032C1950998A00FE69BF /* Release */,
			);
			defaultConfigurationIsVisible = 0;
		};
/* End XCConfigurationList section */
	};
	rootObject = D62F02F01950998A00FE69BF /* Project object */;
}
